
Microsoft Visual Studio Solution File, Format Version 12.00
# Visual Studio Version 17
VisualStudioVersion = 17.0.32002.185
MinimumVisualStudioVersion = 10.0.40219.1
Project("{8BC9CEB8-8B4A-11D0-8D11-00A0C91BC942}") = "Direct3DWin32Webview2", "Direct3DWin32Webview2\Direct3DWin32Webview2.vcxproj", "{C63D0B92-3ACB-4832-8470-38991D8F0D2E}"
EndProject
Global
	GlobalSection(SolutionConfigurationPlatforms) = preSolution
		Debug|x64 = Debug|x64
		Debug|x86 = Debug|x86
		Release|x64 = Release|x64
		Release|x86 = Release|x86
	EndGlobalSection
	GlobalSection(ProjectConfigurationPlatforms) = postSolution
		{C63D0B92-3ACB-4832-8470-38991D8F0D2E}.Debug|x64.ActiveCfg = Debug|x64
		{C63D0B92-3ACB-4832-8470-38991D8F0D2E}.Debug|x64.Build.0 = Debug|x64
		{C63D0B92-3ACB-4832-8470-38991D8F0D2E}.Debug|x86.ActiveCfg = Debug|Win32
		{C63D0B92-3ACB-4832-8470-38991D8F0D2E}.Debug|x86.Build.0 = Debug|Win32
		{C63D0B92-3ACB-4832-8470-38991D8F0D2E}.Release|x64.ActiveCfg = Release|x64
		{C63D0B92-3ACB-4832-8470-38991D8F0D2E}.Release|x64.Build.0 = Release|x64
		{C63D0B92-3ACB-4832-8470-38991D8F0D2E}.Release|x86.ActiveCfg = Release|Win32
		{C63D0B92-3ACB-4832-8470-38991D8F0D2E}.Release|x86.Build.0 = Release|Win32
	EndGlobalSection
	GlobalSection(SolutionProperties) = preSolution
		HideSolutionNode = FALSE
	EndGlobalSection
	GlobalSection(ExtensibilityGlobals) = postSolution
		SolutionGuid = {47116279-D50E-4983-A9B2-40BABA417327}
	EndGlobalSection
EndGlobal
